
Microsoft Visual Studio Solution File, Format Version 12.00
# Visual Studio 2013
VisualStudioVersion = 12.0.30723.0
MinimumVisualStudioVersion = 10.0.40219.1
Project("{FAE04EC0-301F-11D3-BF4B-00C04F79EFBC}") = "ArithmeticPipelineTests", "ArithmeticPipelineTests\ArithmeticPipelineTests.csproj", "{C258E36E-BAE0-4F8A-91F3-915AC89C1659}"
EndProject
Project("{FAE04EC0-301F-11D3-BF4B-00C04F79EFBC}") = "ArithmeticPipeline", "ArithmeticPipeline\ArithmeticPipeline.csproj", "{2C5BED9D-1331-4CBE-BE11-0A6F7B52AE7D}"
EndProject
Global
	GlobalSection(SolutionConfigurationPlatforms) = preSolution
		Debug|Any CPU = Debug|Any CPU
		Release|Any CPU = Release|Any CPU
	EndGlobalSection
	GlobalSection(ProjectConfigurationPlatforms) = postSolution
		{C258E36E-BAE0-4F8A-91F3-915AC89C1659}.Debug|Any CPU.ActiveCfg = Debug|Any CPU
		{C258E36E-BAE0-4F8A-91F3-915AC89C1659}.Debug|Any CPU.Build.0 = Debug|Any CPU
		{C258E36E-BAE0-4F8A-91F3-915AC89C1659}.Release|Any CPU.ActiveCfg = Release|Any CPU
		{C258E36E-BAE0-4F8A-91F3-915AC89C1659}.Release|Any CPU.Build.0 = Release|Any CPU
		{2C5BED9D-1331-4CBE-BE11-0A6F7B52AE7D}.Debug|Any CPU.ActiveCfg = Debug|Any CPU
		{2C5BED9D-1331-4CBE-BE11-0A6F7B52AE7D}.Debug|Any CPU.Build.0 = Debug|Any CPU
		{2C5BED9D-1331-4CBE-BE11-0A6F7B52AE7D}.Release|Any CPU.ActiveCfg = Release|Any CPU
		{2C5BED9D-1331-4CBE-BE11-0A6F7B52AE7D}.Release|Any CPU.Build.0 = Release|Any CPU
	EndGlobalSection
	GlobalSection(SolutionProperties) = preSolution
		HideSolutionNode = FALSE
	EndGlobalSection
EndGlobal
